// !$*UTF8*$!
{
	archiveVersion = 1;
	classes = {
	};
	objectVersion = 50;
	objects = {

/* Begin PBXBuildFile section */
		1DC1C51001E643EADF0BBE93 /* Pods_HockeyAppTest.framework in Frameworks */ = {isa = PBXBuildFile; fileRef = D5E9061336301D8E5A7F7EB7 /* Pods_HockeyAppTest.framework */; };
		5039175223B08BD100AD98E5 /* AppDelegate.m in Sources */ = {isa = PBXBuildFile; fileRef = 5039175123B08BD100AD98E5 /* AppDelegate.m */; };
		5039175523B08BD100AD98E5 /* ViewController.m in Sources */ = {isa = PBXBuildFile; fileRef = 5039175423B08BD100AD98E5 /* ViewController.m */; };
		5039175823B08BD100AD98E5 /* Main.storyboard in Resources */ = {isa = PBXBuildFile; fileRef = 5039175623B08BD100AD98E5 /* Main.storyboard */; };
		5039175A23B08BD200AD98E5 /* Assets.xcassets in Resources */ = {isa = PBXBuildFile; fileRef = 5039175923B08BD200AD98E5 /* Assets.xcassets */; };
		5039175D23B08BD200AD98E5 /* LaunchScreen.storyboard in Resources */ = {isa = PBXBuildFile; fileRef = 5039175B23B08BD200AD98E5 /* LaunchScreen.storyboard */; };
		5039176023B08BD200AD98E5 /* main.m in Sources */ = {isa = PBXBuildFile; fileRef = 5039175F23B08BD200AD98E5 /* main.m */; };
/* End PBXBuildFile section */

/* Begin PBXFileReference section */
		1A4E9A1530A499B79932662C /* Pods-HockeyAppTest.debug.xcconfig */ = {isa = PBXFileReference; includeInIndex = 1; lastKnownFileType = text.xcconfig; name = "Pods-HockeyAppTest.debug.xcconfig"; path = "Target Support Files/Pods-HockeyAppTest/Pods-HockeyAppTest.debug.xcconfig"; sourceTree = "<group>"; };
		31E17AC61D828E1CA8A7B0D8 /* Pods-HockeyAppTest.release.xcconfig */ = {isa = PBXFileReference; includeInIndex = 1; lastKnownFileType = text.xcconfig; name = "Pods-HockeyAppTest.release.xcconfig"; path = "Target Support Files/Pods-HockeyAppTest/Pods-HockeyAppTest.release.xcconfig"; sourceTree = "<group>"; };
		5039174D23B08BD100AD98E5 /* HockeyAppTest.app */ = {isa = PBXFileReference; explicitFileType = wrapper.application; includeInIndex = 0; path = HockeyAppTest.app; sourceTree = BUILT_PRODUCTS_DIR; };
		5039175023B08BD100AD98E5 /* AppDelegate.h */ = {isa = PBXFileReference; lastKnownFileType = sourcecode.c.h; path = AppDelegate.h; sourceTree = "<group>"; };
		5039175123B08BD100AD98E5 /* AppDelegate.m */ = {isa = PBXFileReference; lastKnownFileType = sourcecode.c.objc; path = AppDelegate.m; sourceTree = "<group>"; };
		5039175323B08BD100AD98E5 /* ViewController.h */ = {isa = PBXFileReference; lastKnownFileType = sourcecode.c.h; path = ViewController.h; sourceTree = "<group>"; };
		5039175423B08BD100AD98E5 /* ViewController.m */ = {isa = PBXFileReference; lastKnownFileType = sourcecode.c.objc; path = ViewController.m; sourceTree = "<group>"; };
		5039175723B08BD100AD98E5 /* Base */ = {isa = PBXFileReference; lastKnownFileType = file.storyboard; name = Base; path = Base.lproj/Main.storyboard; sourceTree = "<group>"; };
		5039175923B08BD200AD98E5 /* Assets.xcassets */ = {isa = PBXFileReference; lastKnownFileType = folder.assetcatalog; path = Assets.xcassets; sourceTree = "<group>"; };
		5039175C23B08BD200AD98E5 /* Base */ = {isa = PBXFileReference; lastKnownFileType = file.storyboard; name = Base; path = Base.lproj/LaunchScreen.storyboard; sourceTree = "<group>"; };
		5039175E23B08BD200AD98E5 /* Info.plist */ = {isa = PBXFileReference; lastKnownFileType = text.plist.xml; path = Info.plist; sourceTree = "<group>"; };
		5039175F23B08BD200AD98E5 /* main.m */ = {isa = PBXFileReference; lastKnownFileType = sourcecode.c.objc; path = main.m; sourceTree = "<group>"; };
		D5E9061336301D8E5A7F7EB7 /* Pods_HockeyAppTest.framework */ = {isa = PBXFileReference; explicitFileType = wrapper.framework; includeInIndex = 0; path = Pods_HockeyAppTest.framework; sourceTree = BUILT_PRODUCTS_DIR; };
/* End PBXFileReference section */

/* Begin PBXFrameworksBuildPhase section */
		5039174A23B08BD100AD98E5 /* Frameworks */ = {
			isa = PBXFrameworksBuildPhase;
			buildActionMask = 2147483647;
			files = (
				1DC1C51001E643EADF0BBE93 /* Pods_HockeyAppTest.framework in Frameworks */,
			);
			runOnlyForDeploymentPostprocessing = 0;
		};
/* End PBXFrameworksBuildPhase section */

/* Begin PBXGroup section */
		0DC1724A102DD0BF00412967 /* Frameworks */ = {
			isa = PBXGroup;
			children = (
				D5E9061336301D8E5A7F7EB7 /* Pods_HockeyAppTest.framework */,
			);
			name = Frameworks;
			sourceTree = "<group>";
		};
		10069E9155EAF81545DFE5D4 /* Pods */ = {
			isa = PBXGroup;
			children = (
				1A4E9A1530A499B79932662C /* Pods-HockeyAppTest.debug.xcconfig */,
				31E17AC61D828E1CA8A7B0D8 /* Pods-HockeyAppTest.release.xcconfig */,
			);
			path = Pods;
			sourceTree = "<group>";
		};
		5039174423B08BD100AD98E5 = {
			isa = PBXGroup;
			children = (
				5039174F23B08BD100AD98E5 /* HockeyAppTest */,
				5039174E23B08BD100AD98E5 /* Products */,
				10069E9155EAF81545DFE5D4 /* Pods */,
				0DC1724A102DD0BF00412967 /* Frameworks */,
			);
			sourceTree = "<group>";
		};
		5039174E23B08BD100AD98E5 /* Products */ = {
			isa = PBXGroup;
			children = (
				5039174D23B08BD100AD98E5 /* HockeyAppTest.app */,
			);
			name = Products;
			sourceTree = "<group>";
		};
		5039174F23B08BD100AD98E5 /* HockeyAppTest */ = {
			isa = PBXGroup;
			children = (
				5039175023B08BD100AD98E5 /* AppDelegate.h */,
				5039175123B08BD100AD98E5 /* AppDelegate.m */,
				5039175323B08BD100AD98E5 /* ViewController.h */,
				5039175423B08BD100AD98E5 /* ViewController.m */,
				5039175623B08BD100AD98E5 /* Main.storyboard */,
				5039175923B08BD200AD98E5 /* Assets.xcassets */,
				5039175B23B08BD200AD98E5 /* LaunchScreen.storyboard */,
				5039175E23B08BD200AD98E5 /* Info.plist */,
				5039175F23B08BD200AD98E5 /* main.m */,
			);
			path = HockeyAppTest;
			sourceTree = "<group>";
		};
/* End PBXGroup section */

/* Begin PBXNativeTarget section */
		5039174C23B08BD100AD98E5 /* HockeyAppTest */ = {
			isa = PBXNativeTarget;
			buildConfigurationList = 5039176323B08BD200AD98E5 /* Build configuration list for PBXNativeTarget "HockeyAppTest" */;
			buildPhases = (
				5666FACEF3E47FB127F10A8F /* [CP] Check Pods Manifest.lock */,
				5039174923B08BD100AD98E5 /* Sources */,
				5039174A23B08BD100AD98E5 /* Frameworks */,
				5039174B23B08BD100AD98E5 /* Resources */,
			);
			buildRules = (
			);
			dependencies = (
			);
			name = HockeyAppTest;
			productName = HockeyAppTest;
			productReference = 5039174D23B08BD100AD98E5 /* HockeyAppTest.app */;
			productType = "com.apple.product-type.application";
		};
/* End PBXNativeTarget section */

/* Begin PBXProject section */
		5039174523B08BD100AD98E5 /* Project object */ = {
			isa = PBXProject;
			attributes = {
				LastUpgradeCheck = 1010;
				ORGANIZATIONNAME = "富田英明";
				TargetAttributes = {
					5039174C23B08BD100AD98E5 = {
						CreatedOnToolsVersion = 10.1;
					};
				};
			};
			buildConfigurationList = 5039174823B08BD100AD98E5 /* Build configuration list for PBXProject "HockeyAppTest" */;
			compatibilityVersion = "Xcode 9.3";
			developmentRegion = en;
			hasScannedForEncodings = 0;
			knownRegions = (
				en,
				Base,
			);
			mainGroup = 5039174423B08BD100AD98E5;
			productRefGroup = 5039174E23B08BD100AD98E5 /* Products */;
			projectDirPath = "";
			projectRoot = "";
			targets = (
				5039174C23B08BD100AD98E5 /* HockeyAppTest */,
			);
		};
/* End PBXProject section */

/* Begin PBXResourcesBuildPhase section */
		5039174B23B08BD100AD98E5 /* Resources */ = {
			isa = PBXResourcesBuildPhase;
			buildActionMask = 2147483647;
			files = (
				5039175D23B08BD200AD98E5 /* LaunchScreen.storyboard in Resources */,
				5039175A23B08BD200AD98E5 /* Assets.xcassets in Resources */,
				5039175823B08BD100AD98E5 /* Main.storyboard in Resources */,
			);
			runOnlyForDeploymentPostprocessing = 0;
		};
/* End PBXResourcesBuildPhase section */

/* Begin PBXShellScriptBuildPhase section */
		5666FACEF3E47FB127F10A8F /* [CP] Check Pods Manifest.lock */ = {
			isa = PBXShellScriptBuildPhase;
			buildActionMask = 2147483647;
			files = (
			);
			inputFileListPaths = (
			);
			inputPaths = (
				"${PODS_PODFILE_DIR_PATH}/Podfile.lock",
				"${PODS_ROOT}/Manifest.lock",
			);
			name = "[CP] Check Pods Manifest.lock";
			outputFileListPaths = (
			);
			outputPaths = (
				"$(DERIVED_FILE_DIR)/Pods-HockeyAppTest-checkManifestLockResult.txt",
			);
			runOnlyForDeploymentPostprocessing = 0;
			shellPath = /bin/sh;
			shellScript = "diff \"${PODS_PODFILE_DIR_PATH}/Podfile.lock\" \"${PODS_ROOT}/Manifest.lock\" > /dev/null\nif [ $? != 0 ] ; then\n    # print error to STDERR\n    echo \"error: The sandbox is not in sync with the Podfile.lock. Run 'pod install' or update your CocoaPods installation.\" >&2\n    exit 1\nfi\n# This output is used by Xcode 'outputs' to avoid re-running this script phase.\necho \"SUCCESS\" > \"${SCRIPT_OUTPUT_FILE_0}\"\n";
			showEnvVarsInLog = 0;
		};
/* End PBXShellScriptBuildPhase section */

/* Begin PBXSourcesBuildPhase section */
		5039174923B08BD100AD98E5 /* Sources */ = {
			isa = PBXSourcesBuildPhase;
			buildActionMask = 2147483647;
			files = (
				5039175523B08BD100AD98E5 /* ViewController.m in Sources */,
				5039176023B08BD200AD98E5 /* main.m in Sources */,
				5039175223B08BD100AD98E5 /* AppDelegate.m in Sources */,
			);
			runOnlyForDeploymentPostprocessing = 0;
		};
/* End PBXSourcesBuildPhase section */

/* Begin PBXVariantGroup section */
		5039175623B08BD100AD98E5 /* Main.storyboard */ = {
			isa = PBXVariantGroup;
			children = (
				5039175723B08BD100AD98E5 /* Base */,
			);
			name = Main.storyboard;
			sourceTree = "<group>";
		};
		5039175B23B08BD200AD98E5 /* LaunchScreen.storyboard */ = {
			isa = PBXVariantGroup;
			children = (
				5039175C23B08BD200AD98E5 /* Base */,
			);
			name = LaunchScreen.storyboard;
			sourceTree = "<group>";
		};
/* End PBXVariantGroup section */

/* Begin XCBuildConfiguration section */
		5039176123B08BD200AD98E5 /* Debug */ = {
			isa = XCBuildConfiguration;
			buildSettings = {
				ALWAYS_SEARCH_USER_PATHS = NO;
				CLANG_ANALYZER_NONNULL = YES;
				CLANG_ANALYZER_NUMBER_OBJECT_CONVERSION = YES_AGGRESSIVE;
				CLANG_CXX_LANGUAGE_STANDARD = "gnu++14";
				CLANG_CXX_LIBRARY = "libc++";
				CLANG_ENABLE_MODULES = YES;
				CLANG_ENABLE_OBJC_ARC = YES;
				CLANG_ENABLE_OBJC_WEAK = YES;
				CLANG_WARN_BLOCK_CAPTURE_AUTORELEASING = YES;
				CLANG_WARN_BOOL_CONVERSION = YES;
				CLANG_WARN_COMMA = YES;
				CLANG_WARN_CONSTANT_CONVERSION = YES;
				CLANG_WARN_DEPRECATED_OBJC_IMPLEMENTATIONS = YES;
				CLANG_WARN_DIRECT_OBJC_ISA_USAGE = YES_ERROR;
				CLANG_WARN_DOCUMENTATION_COMMENTS = YES;
				CLANG_WARN_EMPTY_BODY = YES;
				CLANG_WARN_ENUM_CONVERSION = YES;
				CLANG_WARN_INFINITE_RECURSION = YES;
				CLANG_WARN_INT_CONVERSION = YES;
				CLANG_WARN_NON_LITERAL_NULL_CONVERSION = YES;
				CLANG_WARN_OBJC_IMPLICIT_RETAIN_SELF = YES;
				CLANG_WARN_OBJC_LITERAL_CONVERSION = YES;
				CLANG_WARN_OBJC_ROOT_CLASS = YES_ERROR;
				CLANG_WARN_RANGE_LOOP_ANALYSIS = YES;
				CLANG_WARN_STRICT_PROTOTYPES = YES;
				CLANG_WARN_SUSPICIOUS_MOVE = YES;
				CLANG_WARN_UNGUARDED_AVAILABILITY = YES_AGGRESSIVE;
				CLANG_WARN_UNREACHABLE_CODE = YES;
				CLANG_WARN__DUPLICATE_METHOD_MATCH = YES;
				CODE_SIGN_IDENTITY = "iPhone Developer";
				COPY_PHASE_STRIP = NO;
				DEBUG_INFORMATION_FORMAT = dwarf;
				ENABLE_STRICT_OBJC_MSGSEND = YES;
				ENABLE_TESTABILITY = YES;
				GCC_C_LANGUAGE_STANDARD = gnu11;
				GCC_DYNAMIC_NO_PIC = NO;
				GCC_NO_COMMON_BLOCKS = YES;
				GCC_OPTIMIZATION_LEVEL = 0;
				GCC_PREPROCESSOR_DEFINITIONS = (
					"DEBUG=1",
					"$(inherited)",
				);
				GCC_WARN_64_TO_32_BIT_CONVERSION = YES;
				GCC_WARN_ABOUT_RETURN_TYPE = YES_ERROR;
				GCC_WARN_UNDECLARED_SELECTOR = YES;
				GCC_WARN_UNINITIALIZED_AUTOS = YES_AGGRESSIVE;
				GCC_WARN_UNUSED_FUNCTION = YES;
				GCC_WARN_UNUSED_VARIABLE = YES;
				IPHONEOS_DEPLOYMENT_TARGET = 12.1;
				MTL_ENABLE_DEBUG_INFO = INCLUDE_SOURCE;
				MTL_FAST_MATH = YES;
				ONLY_ACTIVE_ARCH = YES;
				SDKROOT = iphoneos;
			};
			name = Debug;
		};
		5039176223B08BD200AD98E5 /* Release */ = {
			isa = XCBuildConfiguration;
			buildSettings = {
				ALWAYS_SEARCH_USER_PATHS = NO;
				CLANG_ANALYZER_NONNULL = YES;
				CLANG_ANALYZER_NUMBER_OBJECT_CONVERSION = YES_AGGRESSIVE;
				CLANG_CXX_LANGUAGE_STANDARD = "gnu++14";
				CLANG_CXX_LIBRARY = "libc++";
				CLANG_ENABLE_MODULES = YES;
				CLANG_ENABLE_OBJC_ARC = YES;
				CLANG_ENABLE_OBJC_WEAK = YES;
				CLANG_WARN_BLOCK_CAPTURE_AUTORELEASING = YES;
				CLANG_WARN_BOOL_CONVERSION = YES;
				CLANG_WARN_COMMA = YES;
				CLANG_WARN_CONSTANT_CONVERSION = YES;
				CLANG_WARN_DEPRECATED_OBJC_IMPLEMENTATIONS = YES;
				CLANG_WARN_DIRECT_OBJC_ISA_USAGE = YES_ERROR;
				CLANG_WARN_DOCUMENTATION_COMMENTS = YES;
				CLANG_WARN_EMPTY_BODY = YES;
				CLANG_WARN_ENUM_CONVERSION = YES;
				CLANG_WARN_INFINITE_RECURSION = YES;
				CLANG_WARN_INT_CONVERSION = YES;
				CLANG_WARN_NON_LITERAL_NULL_CONVERSION = YES;
				CLANG_WARN_OBJC_IMPLICIT_RETAIN_SELF = YES;
				CLANG_WARN_OBJC_LITERAL_CONVERSION = YES;
				CLANG_WARN_OBJC_ROOT_CLASS = YES_ERROR;
				CLANG_WARN_RANGE_LOOP_ANALYSIS = YES;
				CLANG_WARN_STRICT_PROTOTYPES = YES;
				CLANG_WARN_SUSPICIOUS_MOVE = YES;
				CLANG_WARN_UNGUARDED_AVAILABILITY = YES_AGGRESSIVE;
				CLANG_WARN_UNREACHABLE_CODE = YES;
				CLANG_WARN__DUPLICATE_METHOD_MATCH = YES;
				CODE_SIGN_IDENTITY = "iPhone Developer";
				COPY_PHASE_STRIP = NO;
				DEBUG_INFORMATION_FORMAT = "dwarf-with-dsym";
				ENABLE_NS_ASSERTIONS = NO;
				ENABLE_STRICT_OBJC_MSGSEND = YES;
				GCC_C_LANGUAGE_STANDARD = gnu11;
				GCC_NO_COMMON_BLOCKS = YES;
				GCC_WARN_64_TO_32_BIT_CONVERSION = YES;
				GCC_WARN_ABOUT_RETURN_TYPE = YES_ERROR;
				GCC_WARN_UNDECLARED_SELECTOR = YES;
				GCC_WARN_UNINITIALIZED_AUTOS = YES_AGGRESSIVE;
				GCC_WARN_UNUSED_FUNCTION = YES;
				GCC_WARN_UNUSED_VARIABLE = YES;
				IPHONEOS_DEPLOYMENT_TARGET = 12.1;
				MTL_ENABLE_DEBUG_INFO = NO;
				MTL_FAST_MATH = YES;
				SDKROOT = iphoneos;
				VALIDATE_PRODUCT = YES;
			};
			name = Release;
		};
		5039176423B08BD200AD98E5 /* Debug */ = {
			isa = XCBuildConfiguration;
			baseConfigurationReference = 1A4E9A1530A499B79932662C /* Pods-HockeyAppTest.debug.xcconfig */;
			buildSettings = {
				ASSETCATALOG_COMPILER_APPICON_NAME = AppIcon;
				CODE_SIGN_IDENTITY = "iPhone Distribution";
				CODE_SIGN_STYLE = Manual;
				DEVELOPMENT_TEAM = RCL6UKLHZR;
				INFOPLIST_FILE = HockeyAppTest/Info.plist;
				LD_RUNPATH_SEARCH_PATHS = (
					"$(inherited)",
					"@executable_path/Frameworks",
				);
				MARKETING_VERSION = 0.9.9;
				PRODUCT_BUNDLE_IDENTIFIER = jp.co.optim.OptimalBrowser.Test001;
				PRODUCT_NAME = "$(TARGET_NAME)";
				PROVISIONING_PROFILE_SPECIFIER = "Optimal Browser Distribution Provisioning Profile";
				TARGETED_DEVICE_FAMILY = "1,2";
			};
			name = Debug;
		};
		5039176523B08BD200AD98E5 /* Release */ = {
			isa = XCBuildConfiguration;
			baseConfigurationReference = 31E17AC61D828E1CA8A7B0D8 /* Pods-HockeyAppTest.release.xcconfig */;
			buildSettings = {
				ASSETCATALOG_COMPILER_APPICON_NAME = AppIcon;
				CODE_SIGN_IDENTITY = "iPhone Distribution";
				CODE_SIGN_STYLE = Manual;
				DEVELOPMENT_TEAM = RCL6UKLHZR;
				INFOPLIST_FILE = HockeyAppTest/Info.plist;
				LD_RUNPATH_SEARCH_PATHS = (
					"$(inherited)",
					"@executable_path/Frameworks",
				);
				MARKETING_VERSION = 0.9.9;
				PRODUCT_BUNDLE_IDENTIFIER = jp.co.optim.OptimalBrowser.Test001;
				PRODUCT_NAME = "$(TARGET_NAME)";
				PROVISIONING_PROFILE_SPECIFIER = "Optimal Browser Distribution Provisioning Profile";
				TARGETED_DEVICE_FAMILY = "1,2";
			};
			name = Release;
		};
/* End XCBuildConfiguration section */

/* Begin XCConfigurationList section */
		5039174823B08BD100AD98E5 /* Build configuration list for PBXProject "HockeyAppTest" */ = {
			isa = XCConfigurationList;
			buildConfigurations = (
				5039176123B08BD200AD98E5 /* Debug */,
				5039176223B08BD200AD98E5 /* Release */,
			);
			defaultConfigurationIsVisible = 0;
			defaultConfigurationName = Release;
		};
		5039176323B08BD200AD98E5 /* Build configuration list for PBXNativeTarget "HockeyAppTest" */ = {
			isa = XCConfigurationList;
			buildConfigurations = (
				5039176423B08BD200AD98E5 /* Debug */,
				5039176523B08BD200AD98E5 /* Release */,
			);
			defaultConfigurationIsVisible = 0;
			defaultConfigurationName = Release;
		};
/* End XCConfigurationList section */
	};
	rootObject = 5039174523B08BD100AD98E5 /* Project object */;
}
